
Microsoft Visual Studio Solution File, Format Version 12.00
# Visual Studio Version 17
VisualStudioVersion = 17.2.32616.157
MinimumVisualStudioVersion = 10.0.40219.1
Project("{FAE04EC0-301F-11D3-BF4B-00C04F79EFBC}") = "PalindromeString", "PalindromeString\PalindromeString.csproj", "{31CB4FEC-63D2-48BD-8995-AC4772BD2810}"
EndProject
Global
	GlobalSection(SolutionConfigurationPlatforms) = preSolution
		Debug|Any CPU = Debug|Any CPU
		Release|Any CPU = Release|Any CPU
	EndGlobalSection
	GlobalSection(ProjectConfigurationPlatforms) = postSolution
		{31CB4FEC-63D2-48BD-8995-AC4772BD2810}.Debug|Any CPU.ActiveCfg = Debug|Any CPU
		{31CB4FEC-63D2-48BD-8995-AC4772BD2810}.Debug|Any CPU.Build.0 = Debug|Any CPU
		{31CB4FEC-63D2-48BD-8995-AC4772BD2810}.Release|Any CPU.ActiveCfg = Release|Any CPU
		{31CB4FEC-63D2-48BD-8995-AC4772BD2810}.Release|Any CPU.Build.0 = Release|Any CPU
	EndGlobalSection
	GlobalSection(SolutionProperties) = preSolution
		HideSolutionNode = FALSE
	EndGlobalSection
	GlobalSection(ExtensibilityGlobals) = postSolution
		SolutionGuid = {2CB0026A-2E1F-4D60-827B-7872F6113797}
	EndGlobalSection
EndGlobal
